// !$*UTF8*$!
{
	archiveVersion = 1;
	classes = {
	};
	objectVersion = 46;
	objects = {

/* Begin PBXBuildFile section */
		4816FF3F170F39BB00309034 /* QuartzCore.framework in Frameworks */ = {isa = PBXBuildFile; fileRef = 4816FF3E170F39BB00309034 /* QuartzCore.framework */; };
		48C703D2170DC0C0003C7742 /* UIKit.framework in Frameworks */ = {isa = PBXBuildFile; fileRef = 48C703D1170DC0C0003C7742 /* UIKit.framework */; };
		48C703D4170DC0C0003C7742 /* Foundation.framework in Frameworks */ = {isa = PBXBuildFile; fileRef = 48C703D3170DC0C0003C7742 /* Foundation.framework */; };
		48C703D6170DC0C0003C7742 /* CoreGraphics.framework in Frameworks */ = {isa = PBXBuildFile; fileRef = 48C703D5170DC0C0003C7742 /* CoreGraphics.framework */; };
		48C703DC170DC0C0003C7742 /* InfoPlist.strings in Resources */ = {isa = PBXBuildFile; fileRef = 48C703DA170DC0C0003C7742 /* InfoPlist.strings */; };
		48C703DE170DC0C0003C7742 /* main.m in Sources */ = {isa = PBXBuildFile; fileRef = 48C703DD170DC0C0003C7742 /* main.m */; };
		48C703E2170DC0C0003C7742 /* APAppDelegate.m in Sources */ = {isa = PBXBuildFile; fileRef = 48C703E1170DC0C0003C7742 /* APAppDelegate.m */; };
		48C703E4170DC0C0003C7742 /* Default.png in Resources */ = {isa = PBXBuildFile; fileRef = 48C703E3170DC0C0003C7742 /* Default.png */; };
		48C703E6170DC0C0003C7742 /* Default@2x.png in Resources */ = {isa = PBXBuildFile; fileRef = 48C703E5170DC0C0003C7742 /* Default@2x.png */; };
		48C703E8170DC0C0003C7742 /* Default-568h@2x.png in Resources */ = {isa = PBXBuildFile; fileRef = 48C703E7170DC0C0003C7742 /* Default-568h@2x.png */; };
		48C703EB170DC0C0003C7742 /* MainStoryboard_iPhone.storyboard in Resources */ = {isa = PBXBuildFile; fileRef = 48C703E9170DC0C0003C7742 /* MainStoryboard_iPhone.storyboard */; };
		48C703F1170DC0C0003C7742 /* APViewController.m in Sources */ = {isa = PBXBuildFile; fileRef = 48C703F0170DC0C0003C7742 /* APViewController.m */; };
		48CC0FE317170422008C1D13 /* Security.framework in Frameworks */ = {isa = PBXBuildFile; fileRef = 48CC0FE217170422008C1D13 /* Security.framework */; };
		B4C63D77197853F5000E651D /* AppPassword.framework in Frameworks */ = {isa = PBXBuildFile; fileRef = B4C63D76197853F5000E651D /* AppPassword.framework */; };
		FE14CFA118DB8B1800218FAB /* APSimplePass_iPhone.storyboard in Resources */ = {isa = PBXBuildFile; fileRef = FE14CFA018DB8B1800218FAB /* APSimplePass_iPhone.storyboard */; };
		FE14CFA318DB8B6800218FAB /* APQuestionPass_iPhone.storyboard in Resources */ = {isa = PBXBuildFile; fileRef = FE14CFA218DB8B6800218FAB /* APQuestionPass_iPhone.storyboard */; };
		FE58F9D217B42541003A9DEE /* libSecureFoundation.a in Frameworks */ = {isa = PBXBuildFile; fileRef = FEE1038A17B4248500C461B7 /* libSecureFoundation.a */; };
/* End PBXBuildFile section */

/* Begin PBXContainerItemProxy section */
		FE58F9CB17B4251D003A9DEE /* PBXContainerItemProxy */ = {
			isa = PBXContainerItemProxy;
			containerPortal = FEE1038D17B4249900C461B7 /* AppPassword.xcodeproj */;
			proxyType = 1;
			remoteGlobalIDString = 4819438C16CE96B90016DB79;
			remoteInfo = AppPassword;
		};
		FE58F9D017B42521003A9DEE /* PBXContainerItemProxy */ = {
			isa = PBXContainerItemProxy;
			containerPortal = FEE1038417B4248500C461B7 /* SecureFoundation.xcodeproj */;
			proxyType = 1;
			remoteGlobalIDString = 3B89357B162C92F1003750B6;
			remoteInfo = SecureFoundation;
		};
		FEE1038917B4248500C461B7 /* PBXContainerItemProxy */ = {
			isa = PBXContainerItemProxy;
			containerPortal = FEE1038417B4248500C461B7 /* SecureFoundation.xcodeproj */;
			proxyType = 2;
			remoteGlobalIDString = 3B89357C162C92F1003750B6;
			remoteInfo = SecureFoundation;
		};
		FEE1039117B4249900C461B7 /* PBXContainerItemProxy */ = {
			isa = PBXContainerItemProxy;
			containerPortal = FEE1038D17B4249900C461B7 /* AppPassword.xcodeproj */;
			proxyType = 2;
			remoteGlobalIDString = 4819438D16CE96B90016DB79;
			remoteInfo = AppPassword;
		};
/* End PBXContainerItemProxy section */

/* Begin PBXFileReference section */
		4816FF3E170F39BB00309034 /* QuartzCore.framework */ = {isa = PBXFileReference; lastKnownFileType = wrapper.framework; name = QuartzCore.framework; path = System/Library/Frameworks/QuartzCore.framework; sourceTree = SDKROOT; };
		48C703CE170DC0C0003C7742 /* APSimplePass.app */ = {isa = PBXFileReference; explicitFileType = wrapper.application; includeInIndex = 0; path = APSimplePass.app; sourceTree = BUILT_PRODUCTS_DIR; };
		48C703D1170DC0C0003C7742 /* UIKit.framework */ = {isa = PBXFileReference; lastKnownFileType = wrapper.framework; name = UIKit.framework; path = System/Library/Frameworks/UIKit.framework; sourceTree = SDKROOT; };
		48C703D3170DC0C0003C7742 /* Foundation.framework */ = {isa = PBXFileReference; lastKnownFileType = wrapper.framework; name = Foundation.framework; path = System/Library/Frameworks/Foundation.framework; sourceTree = SDKROOT; };
		48C703D5170DC0C0003C7742 /* CoreGraphics.framework */ = {isa = PBXFileReference; lastKnownFileType = wrapper.framework; name = CoreGraphics.framework; path = System/Library/Frameworks/CoreGraphics.framework; sourceTree = SDKROOT; };
		48C703D9170DC0C0003C7742 /* APSimplePass-Info.plist */ = {isa = PBXFileReference; lastKnownFileType = text.plist.xml; path = "APSimplePass-Info.plist"; sourceTree = "<group>"; };
		48C703DB170DC0C0003C7742 /* en */ = {isa = PBXFileReference; lastKnownFileType = text.plist.strings; name = en; path = en.lproj/InfoPlist.strings; sourceTree = "<group>"; };
		48C703DD170DC0C0003C7742 /* main.m */ = {isa = PBXFileReference; lastKnownFileType = sourcecode.c.objc; path = main.m; sourceTree = "<group>"; };
		48C703DF170DC0C0003C7742 /* APSimplePass-Prefix.pch */ = {isa = PBXFileReference; lastKnownFileType = sourcecode.c.h; path = "APSimplePass-Prefix.pch"; sourceTree = "<group>"; };
		48C703E0170DC0C0003C7742 /* APAppDelegate.h */ = {isa = PBXFileReference; lastKnownFileType = sourcecode.c.h; path = APAppDelegate.h; sourceTree = "<group>"; };
		48C703E1170DC0C0003C7742 /* APAppDelegate.m */ = {isa = PBXFileReference; lastKnownFileType = sourcecode.c.objc; path = APAppDelegate.m; sourceTree = "<group>"; };
		48C703E3170DC0C0003C7742 /* Default.png */ = {isa = PBXFileReference; lastKnownFileType = image.png; path = Default.png; sourceTree = "<group>"; };
		48C703E5170DC0C0003C7742 /* Default@2x.png */ = {isa = PBXFileReference; lastKnownFileType = image.png; path = "Default@2x.png"; sourceTree = "<group>"; };
		48C703E7170DC0C0003C7742 /* Default-568h@2x.png */ = {isa = PBXFileReference; lastKnownFileType = image.png; path = "Default-568h@2x.png"; sourceTree = "<group>"; };
		48C703EA170DC0C0003C7742 /* en */ = {isa = PBXFileReference; lastKnownFileType = file.storyboard; name = en; path = en.lproj/MainStoryboard_iPhone.storyboard; sourceTree = "<group>"; };
		48C703EF170DC0C0003C7742 /* APViewController.h */ = {isa = PBXFileReference; lastKnownFileType = sourcecode.c.h; path = APViewController.h; sourceTree = "<group>"; };
		48C703F0170DC0C0003C7742 /* APViewController.m */ = {isa = PBXFileReference; lastKnownFileType = sourcecode.c.objc; path = APViewController.m; sourceTree = "<group>"; };
		48CC0FE217170422008C1D13 /* Security.framework */ = {isa = PBXFileReference; lastKnownFileType = wrapper.framework; name = Security.framework; path = System/Library/Frameworks/Security.framework; sourceTree = SDKROOT; };
		B4C63D76197853F5000E651D /* AppPassword.framework */ = {isa = PBXFileReference; lastKnownFileType = wrapper.framework; name = AppPassword.framework; path = "../../../Library/Developer/Xcode/DerivedData/APSimplePass-fvaffyfjizmzuferbszbonlfayrj/Build/Products/Debug-iphoneos/AppPassword.embeddedframework/AppPassword.framework"; sourceTree = "<group>"; };
		FE14CFA018DB8B1800218FAB /* APSimplePass_iPhone.storyboard */ = {isa = PBXFileReference; lastKnownFileType = file.storyboard; path = APSimplePass_iPhone.storyboard; sourceTree = "<group>"; };
		FE14CFA218DB8B6800218FAB /* APQuestionPass_iPhone.storyboard */ = {isa = PBXFileReference; lastKnownFileType = file.storyboard; path = APQuestionPass_iPhone.storyboard; sourceTree = "<group>"; };
		FEE1038417B4248500C461B7 /* SecureFoundation.xcodeproj */ = {isa = PBXFileReference; lastKnownFileType = "wrapper.pb-project"; name = SecureFoundation.xcodeproj; path = ../../../securefoundation/SecureFoundation.xcodeproj; sourceTree = "<group>"; };
		FEE1038D17B4249900C461B7 /* AppPassword.xcodeproj */ = {isa = PBXFileReference; lastKnownFileType = "wrapper.pb-project"; name = AppPassword.xcodeproj; path = ../../AppPassword.xcodeproj; sourceTree = "<group>"; };
/* End PBXFileReference section */

/* Begin PBXFrameworksBuildPhase section */
		48C703CB170DC0C0003C7742 /* Frameworks */ = {
			isa = PBXFrameworksBuildPhase;
			buildActionMask = 2147483647;
			files = (
				B4C63D77197853F5000E651D /* AppPassword.framework in Frameworks */,
				FE58F9D217B42541003A9DEE /* libSecureFoundation.a in Frameworks */,
				48CC0FE317170422008C1D13 /* Security.framework in Frameworks */,
				4816FF3F170F39BB00309034 /* QuartzCore.framework in Frameworks */,
				48C703D2170DC0C0003C7742 /* UIKit.framework in Frameworks */,
				48C703D4170DC0C0003C7742 /* Foundation.framework in Frameworks */,
				48C703D6170DC0C0003C7742 /* CoreGraphics.framework in Frameworks */,
			);
			runOnlyForDeploymentPostprocessing = 0;
		};
/* End PBXFrameworksBuildPhase section */

/* Begin PBXGroup section */
		48C703C5170DC0C0003C7742 = {
			isa = PBXGroup;
			children = (
				FE14CFA218DB8B6800218FAB /* APQuestionPass_iPhone.storyboard */,
				FE14CFA018DB8B1800218FAB /* APSimplePass_iPhone.storyboard */,
				FEE1038D17B4249900C461B7 /* AppPassword.xcodeproj */,
				FEE1038417B4248500C461B7 /* SecureFoundation.xcodeproj */,
				48C703D7170DC0C0003C7742 /* APSimplePass */,
				48C703D0170DC0C0003C7742 /* Frameworks */,
				48C703CF170DC0C0003C7742 /* Products */,
			);
			sourceTree = "<group>";
		};
		48C703CF170DC0C0003C7742 /* Products */ = {
			isa = PBXGroup;
			children = (
				48C703CE170DC0C0003C7742 /* APSimplePass.app */,
			);
			name = Products;
			sourceTree = "<group>";
		};
		48C703D0170DC0C0003C7742 /* Frameworks */ = {
			isa = PBXGroup;
			children = (
				B4C63D76197853F5000E651D /* AppPassword.framework */,
				48CC0FE217170422008C1D13 /* Security.framework */,
				4816FF3E170F39BB00309034 /* QuartzCore.framework */,
				48C703D1170DC0C0003C7742 /* UIKit.framework */,
				48C703D3170DC0C0003C7742 /* Foundation.framework */,
				48C703D5170DC0C0003C7742 /* CoreGraphics.framework */,
			);
			name = Frameworks;
			sourceTree = "<group>";
		};
		48C703D7170DC0C0003C7742 /* APSimplePass */ = {
			isa = PBXGroup;
			children = (
				48C7040C170DCF66003C7742 /* Images */,
				48C7040B170DCE42003C7742 /* Delegate */,
				48C703E9170DC0C0003C7742 /* MainStoryboard_iPhone.storyboard */,
				48C703EF170DC0C0003C7742 /* APViewController.h */,
				48C703F0170DC0C0003C7742 /* APViewController.m */,
				48C703D8170DC0C0003C7742 /* Supporting Files */,
			);
			path = APSimplePass;
			sourceTree = "<group>";
		};
		48C703D8170DC0C0003C7742 /* Supporting Files */ = {
			isa = PBXGroup;
			children = (
				48C703D9170DC0C0003C7742 /* APSimplePass-Info.plist */,
				48C703DA170DC0C0003C7742 /* InfoPlist.strings */,
				48C703DD170DC0C0003C7742 /* main.m */,
				48C703DF170DC0C0003C7742 /* APSimplePass-Prefix.pch */,
				48C703E3170DC0C0003C7742 /* Default.png */,
				48C703E5170DC0C0003C7742 /* Default@2x.png */,
				48C703E7170DC0C0003C7742 /* Default-568h@2x.png */,
			);
			name = "Supporting Files";
			sourceTree = "<group>";
		};
		48C7040B170DCE42003C7742 /* Delegate */ = {
			isa = PBXGroup;
			children = (
				48C703E0170DC0C0003C7742 /* APAppDelegate.h */,
				48C703E1170DC0C0003C7742 /* APAppDelegate.m */,
			);
			name = Delegate;
			sourceTree = "<group>";
		};
		48C7040C170DCF66003C7742 /* Images */ = {
			isa = PBXGroup;
			children = (
			);
			name = Images;
			sourceTree = "<group>";
		};
		FEE1038517B4248500C461B7 /* Products */ = {
			isa = PBXGroup;
			children = (
				FEE1038A17B4248500C461B7 /* libSecureFoundation.a */,
			);
			name = Products;
			sourceTree = "<group>";
		};
		FEE1038E17B4249900C461B7 /* Products */ = {
			isa = PBXGroup;
			children = (
				FEE1039217B4249900C461B7 /* AppPassword.framework */,
			);
			name = Products;
			sourceTree = "<group>";
		};
/* End PBXGroup section */

/* Begin PBXNativeTarget section */
		48C703CD170DC0C0003C7742 /* APSimplePass */ = {
			isa = PBXNativeTarget;
			buildConfigurationList = 48C703F4170DC0C0003C7742 /* Build configuration list for PBXNativeTarget "APSimplePass" */;
			buildPhases = (
				48C703CA170DC0C0003C7742 /* Sources */,
				48C703CB170DC0C0003C7742 /* Frameworks */,
				48C703CC170DC0C0003C7742 /* Resources */,
			);
			buildRules = (
			);
			dependencies = (
				FE58F9D117B42521003A9DEE /* PBXTargetDependency */,
				FE58F9CC17B4251D003A9DEE /* PBXTargetDependency */,
			);
			name = APSimplePass;
			productName = APSimplePass;
			productReference = 48C703CE170DC0C0003C7742 /* APSimplePass.app */;
			productType = "com.apple.product-type.application";
		};
/* End PBXNativeTarget section */

/* Begin PBXProject section */
		48C703C6170DC0C0003C7742 /* Project object */ = {
			isa = PBXProject;
			attributes = {
				CLASSPREFIX = AP;
				LastUpgradeCheck = 0460;
				ORGANIZATIONNAME = Mitre;
			};
			buildConfigurationList = 48C703C9170DC0C0003C7742 /* Build configuration list for PBXProject "APSimplePass" */;
			compatibilityVersion = "Xcode 3.2";
			developmentRegion = English;
			hasScannedForEncodings = 0;
			knownRegions = (
				en,
			);
			mainGroup = 48C703C5170DC0C0003C7742;
			productRefGroup = 48C703CF170DC0C0003C7742 /* Products */;
			projectDirPath = "";
			projectReferences = (
				{
					ProductGroup = FEE1038E17B4249900C461B7 /* Products */;
					ProjectRef = FEE1038D17B4249900C461B7 /* AppPassword.xcodeproj */;
				},
				{
					ProductGroup = FEE1038517B4248500C461B7 /* Products */;
					ProjectRef = FEE1038417B4248500C461B7 /* SecureFoundation.xcodeproj */;
				},
			);
			projectRoot = "";
			targets = (
				48C703CD170DC0C0003C7742 /* APSimplePass */,
			);
		};
/* End PBXProject section */

/* Begin PBXReferenceProxy section */
		FEE1038A17B4248500C461B7 /* libSecureFoundation.a */ = {
			isa = PBXReferenceProxy;
			fileType = archive.ar;
			path = libSecureFoundation.a;
			remoteRef = FEE1038917B4248500C461B7 /* PBXContainerItemProxy */;
			sourceTree = BUILT_PRODUCTS_DIR;
		};
		FEE1039217B4249900C461B7 /* AppPassword.framework */ = {
			isa = PBXReferenceProxy;
			fileType = wrapper.cfbundle;
			path = AppPassword.framework;
			remoteRef = FEE1039117B4249900C461B7 /* PBXContainerItemProxy */;
			sourceTree = BUILT_PRODUCTS_DIR;
		};
/* End PBXReferenceProxy section */

/* Begin PBXResourcesBuildPhase section */
		48C703CC170DC0C0003C7742 /* Resources */ = {
			isa = PBXResourcesBuildPhase;
			buildActionMask = 2147483647;
			files = (
				FE14CFA318DB8B6800218FAB /* APQuestionPass_iPhone.storyboard in Resources */,
				FE14CFA118DB8B1800218FAB /* APSimplePass_iPhone.storyboard in Resources */,
				48C703DC170DC0C0003C7742 /* InfoPlist.strings in Resources */,
				48C703E4170DC0C0003C7742 /* Default.png in Resources */,
				48C703E6170DC0C0003C7742 /* Default@2x.png in Resources */,
				48C703E8170DC0C0003C7742 /* Default-568h@2x.png in Resources */,
				48C703EB170DC0C0003C7742 /* MainStoryboard_iPhone.storyboard in Resources */,
			);
			runOnlyForDeploymentPostprocessing = 0;
		};
/* End PBXResourcesBuildPhase section */

/* Begin PBXSourcesBuildPhase section */
		48C703CA170DC0C0003C7742 /* Sources */ = {
			isa = PBXSourcesBuildPhase;
			buildActionMask = 2147483647;
			files = (
				48C703DE170DC0C0003C7742 /* main.m in Sources */,
				48C703E2170DC0C0003C7742 /* APAppDelegate.m in Sources */,
				48C703F1170DC0C0003C7742 /* APViewController.m in Sources */,
			);
			runOnlyForDeploymentPostprocessing = 0;
		};
/* End PBXSourcesBuildPhase section */

/* Begin PBXTargetDependency section */
		FE58F9CC17B4251D003A9DEE /* PBXTargetDependency */ = {
			isa = PBXTargetDependency;
			name = AppPassword;
			targetProxy = FE58F9CB17B4251D003A9DEE /* PBXContainerItemProxy */;
		};
		FE58F9D117B42521003A9DEE /* PBXTargetDependency */ = {
			isa = PBXTargetDependency;
			name = SecureFoundation;
			targetProxy = FE58F9D017B42521003A9DEE /* PBXContainerItemProxy */;
		};
/* End PBXTargetDependency section */

/* Begin PBXVariantGroup section */
		48C703DA170DC0C0003C7742 /* InfoPlist.strings */ = {
			isa = PBXVariantGroup;
			children = (
				48C703DB170DC0C0003C7742 /* en */,
			);
			name = InfoPlist.strings;
			sourceTree = "<group>";
		};
		48C703E9170DC0C0003C7742 /* MainStoryboard_iPhone.storyboard */ = {
			isa = PBXVariantGroup;
			children = (
				48C703EA170DC0C0003C7742 /* en */,
			);
			name = MainStoryboard_iPhone.storyboard;
			sourceTree = "<group>";
		};
/* End PBXVariantGroup section */

/* Begin XCBuildConfiguration section */
		48C703F2170DC0C0003C7742 /* Debug */ = {
			isa = XCBuildConfiguration;
			buildSettings = {
				ALWAYS_SEARCH_USER_PATHS = NO;
				CLANG_CXX_LANGUAGE_STANDARD = "gnu++0x";
				CLANG_CXX_LIBRARY = "libc++";
				CLANG_ENABLE_OBJC_ARC = YES;
				CLANG_WARN_CONSTANT_CONVERSION = YES;
				CLANG_WARN_EMPTY_BODY = YES;
				CLANG_WARN_ENUM_CONVERSION = YES;
				CLANG_WARN_INT_CONVERSION = YES;
				CLANG_WARN__DUPLICATE_METHOD_MATCH = YES;
				"CODE_SIGN_IDENTITY[sdk=iphoneos*]" = "iPhone Developer";
				COPY_PHASE_STRIP = NO;
				GCC_C_LANGUAGE_STANDARD = gnu99;
				GCC_DYNAMIC_NO_PIC = NO;
				GCC_OPTIMIZATION_LEVEL = 0;
				GCC_PREPROCESSOR_DEFINITIONS = (
					"DEBUG=1",
					"$(inherited)",
				);
				GCC_SYMBOLS_PRIVATE_EXTERN = NO;
				GCC_WARN_ABOUT_RETURN_TYPE = YES;
				GCC_WARN_UNINITIALIZED_AUTOS = YES;
				GCC_WARN_UNUSED_VARIABLE = YES;
				IPHONEOS_DEPLOYMENT_TARGET = 6.1;
				ONLY_ACTIVE_ARCH = YES;
				SDKROOT = iphoneos;
				TARGETED_DEVICE_FAMILY = "1,2";
			};
			name = Debug;
		};
		48C703F3170DC0C0003C7742 /* Release */ = {
			isa = XCBuildConfiguration;
			buildSettings = {
				ALWAYS_SEARCH_USER_PATHS = NO;
				CLANG_CXX_LANGUAGE_STANDARD = "gnu++0x";
				CLANG_CXX_LIBRARY = "libc++";
				CLANG_ENABLE_OBJC_ARC = YES;
				CLANG_WARN_CONSTANT_CONVERSION = YES;
				CLANG_WARN_EMPTY_BODY = YES;
				CLANG_WARN_ENUM_CONVERSION = YES;
				CLANG_WARN_INT_CONVERSION = YES;
				CLANG_WARN__DUPLICATE_METHOD_MATCH = YES;
				"CODE_SIGN_IDENTITY[sdk=iphoneos*]" = "iPhone Developer";
				COPY_PHASE_STRIP = YES;
				GCC_C_LANGUAGE_STANDARD = gnu99;
				GCC_WARN_ABOUT_RETURN_TYPE = YES;
				GCC_WARN_UNINITIALIZED_AUTOS = YES;
				GCC_WARN_UNUSED_VARIABLE = YES;
				IPHONEOS_DEPLOYMENT_TARGET = 6.1;
				OTHER_CFLAGS = "-DNS_BLOCK_ASSERTIONS=1";
				SDKROOT = iphoneos;
				TARGETED_DEVICE_FAMILY = "1,2";
				VALIDATE_PRODUCT = YES;
			};
			name = Release;
		};
		48C703F5170DC0C0003C7742 /* Debug */ = {
			isa = XCBuildConfiguration;
			buildSettings = {
				CODE_SIGN_IDENTITY = "iPhone Developer";
				"CODE_SIGN_IDENTITY[sdk=iphoneos*]" = "iPhone Developer";
				FRAMEWORK_SEARCH_PATHS = (
					"$(inherited)",
					"$(USER_LIBRARY_DIR)/Developer/Xcode/DerivedData/APSimplePass-fvaffyfjizmzuferbszbonlfayrj/Build/Products/Debug-iphoneos/AppPassword.embeddedframework",
				);
				GCC_PRECOMPILE_PREFIX_HEADER = YES;
				GCC_PREFIX_HEADER = "APSimplePass/APSimplePass-Prefix.pch";
				INFOPLIST_FILE = "APSimplePass/APSimplePass-Info.plist";
				IPHONEOS_DEPLOYMENT_TARGET = 7.0;
				PRODUCT_NAME = "$(TARGET_NAME)";
				PROVISIONING_PROFILE = "";
				"PROVISIONING_PROFILE[sdk=iphoneos*]" = "";
				TARGETED_DEVICE_FAMILY = 1;
				WRAPPER_EXTENSION = app;
			};
			name = Debug;
		};
		48C703F6170DC0C0003C7742 /* Release */ = {
			isa = XCBuildConfiguration;
			buildSettings = {
				CODE_SIGN_IDENTITY = "iPhone Developer";
				"CODE_SIGN_IDENTITY[sdk=iphoneos*]" = "iPhone Developer";
				FRAMEWORK_SEARCH_PATHS = (
					"$(inherited)",
					"$(USER_LIBRARY_DIR)/Developer/Xcode/DerivedData/APSimplePass-fvaffyfjizmzuferbszbonlfayrj/Build/Products/Debug-iphoneos/AppPassword.embeddedframework",
				);
				GCC_PRECOMPILE_PREFIX_HEADER = YES;
				GCC_PREFIX_HEADER = "APSimplePass/APSimplePass-Prefix.pch";
				INFOPLIST_FILE = "APSimplePass/APSimplePass-Info.plist";
				IPHONEOS_DEPLOYMENT_TARGET = 7.0;
				PRODUCT_NAME = "$(TARGET_NAME)";
				PROVISIONING_PROFILE = "";
				"PROVISIONING_PROFILE[sdk=iphoneos*]" = "";
				TARGETED_DEVICE_FAMILY = 1;
				WRAPPER_EXTENSION = app;
			};
			name = Release;
		};
/* End XCBuildConfiguration section */

/* Begin XCConfigurationList section */
		48C703C9170DC0C0003C7742 /* Build configuration list for PBXProject "APSimplePass" */ = {
			isa = XCConfigurationList;
			buildConfigurations = (
				48C703F2170DC0C0003C7742 /* Debug */,
				48C703F3170DC0C0003C7742 /* Release */,
			);
			defaultConfigurationIsVisible = 0;
			defaultConfigurationName = Release;
		};
		48C703F4170DC0C0003C7742 /* Build configuration list for PBXNativeTarget "APSimplePass" */ = {
			isa = XCConfigurationList;
			buildConfigurations = (
				48C703F5170DC0C0003C7742 /* Debug */,
				48C703F6170DC0C0003C7742 /* Release */,
			);
			defaultConfigurationIsVisible = 0;
			defaultConfigurationName = Release;
		};
/* End XCConfigurationList section */
	};
	rootObject = 48C703C6170DC0C0003C7742 /* Project object */;
}
